// !$*UTF8*$!
{
	archiveVersion = 1;
	classes = {
	};
	objectVersion = 56;
	objects = {

/* Begin PBXBuildFile section */
		DBECB2752B0DE35100421E97 /* AppDelegate.swift in Sources */ = {isa = PBXBuildFile; fileRef = DBECB2742B0DE35100421E97 /* AppDelegate.swift */; };
		DBECB2772B0DE35100421E97 /* SceneDelegate.swift in Sources */ = {isa = PBXBuildFile; fileRef = DBECB2762B0DE35100421E97 /* SceneDelegate.swift */; };
		DBECB2792B0DE35100421E97 /* ViewController.swift in Sources */ = {isa = PBXBuildFile; fileRef = DBECB2782B0DE35100421E97 /* ViewController.swift */; };
		DBECB27C2B0DE35100421E97 /* Main.storyboard in Resources */ = {isa = PBXBuildFile; fileRef = DBECB27A2B0DE35100421E97 /* Main.storyboard */; };
		DBECB27E2B0DE35200421E97 /* Assets.xcassets in Resources */ = {isa = PBXBuildFile; fileRef = DBECB27D2B0DE35200421E97 /* Assets.xcassets */; };
		DBECB2812B0DE35200421E97 /* LaunchScreen.storyboard in Resources */ = {isa = PBXBuildFile; fileRef = DBECB27F2B0DE35200421E97 /* LaunchScreen.storyboard */; };
		DBECB28C2B0DE35300421E97 /* DelegateTests.swift in Sources */ = {isa = PBXBuildFile; fileRef = DBECB28B2B0DE35300421E97 /* DelegateTests.swift */; };
		DBECB2962B0DE35300421E97 /* DelegateUITests.swift in Sources */ = {isa = PBXBuildFile; fileRef = DBECB2952B0DE35300421E97 /* DelegateUITests.swift */; };
		DBECB2982B0DE35300421E97 /* DelegateUITestsLaunchTests.swift in Sources */ = {isa = PBXBuildFile; fileRef = DBECB2972B0DE35300421E97 /* DelegateUITestsLaunchTests.swift */; };
		DBECB2A52B0DE5F600421E97 /* ModalViewController.swift in Sources */ = {isa = PBXBuildFile; fileRef = DBECB2A42B0DE5F600421E97 /* ModalViewController.swift */; };
/* End PBXBuildFile section */

/* Begin PBXContainerItemProxy section */
		DBECB2882B0DE35300421E97 /* PBXContainerItemProxy */ = {
			isa = PBXContainerItemProxy;
			containerPortal = DBECB2692B0DE35100421E97 /* Project object */;
			proxyType = 1;
			remoteGlobalIDString = DBECB2702B0DE35100421E97;
			remoteInfo = Delegate;
		};
		DBECB2922B0DE35300421E97 /* PBXContainerItemProxy */ = {
			isa = PBXContainerItemProxy;
			containerPortal = DBECB2692B0DE35100421E97 /* Project object */;
			proxyType = 1;
			remoteGlobalIDString = DBECB2702B0DE35100421E97;
			remoteInfo = Delegate;
		};
/* End PBXContainerItemProxy section */

/* Begin PBXFileReference section */
		DBECB2712B0DE35100421E97 /* Delegate.app */ = {isa = PBXFileReference; explicitFileType = wrapper.application; includeInIndex = 0; path = Delegate.app; sourceTree = BUILT_PRODUCTS_DIR; };
		DBECB2742B0DE35100421E97 /* AppDelegate.swift */ = {isa = PBXFileReference; lastKnownFileType = sourcecode.swift; path = AppDelegate.swift; sourceTree = "<group>"; };
		DBECB2762B0DE35100421E97 /* SceneDelegate.swift */ = {isa = PBXFileReference; lastKnownFileType = sourcecode.swift; path = SceneDelegate.swift; sourceTree = "<group>"; };
		DBECB2782B0DE35100421E97 /* ViewController.swift */ = {isa = PBXFileReference; lastKnownFileType = sourcecode.swift; path = ViewController.swift; sourceTree = "<group>"; };
		DBECB27B2B0DE35100421E97 /* Base */ = {isa = PBXFileReference; lastKnownFileType = file.storyboard; name = Base; path = Base.lproj/Main.storyboard; sourceTree = "<group>"; };
		DBECB27D2B0DE35200421E97 /* Assets.xcassets */ = {isa = PBXFileReference; lastKnownFileType = folder.assetcatalog; path = Assets.xcassets; sourceTree = "<group>"; };
		DBECB2802B0DE35200421E97 /* Base */ = {isa = PBXFileReference; lastKnownFileType = file.storyboard; name = Base; path = Base.lproj/LaunchScreen.storyboard; sourceTree = "<group>"; };
		DBECB2822B0DE35200421E97 /* Info.plist */ = {isa = PBXFileReference; lastKnownFileType = text.plist.xml; path = Info.plist; sourceTree = "<group>"; };
		DBECB2872B0DE35300421E97 /* DelegateTests.xctest */ = {isa = PBXFileReference; explicitFileType = wrapper.cfbundle; includeInIndex = 0; path = DelegateTests.xctest; sourceTree = BUILT_PRODUCTS_DIR; };
		DBECB28B2B0DE35300421E97 /* DelegateTests.swift */ = {isa = PBXFileReference; lastKnownFileType = sourcecode.swift; path = DelegateTests.swift; sourceTree = "<group>"; };
		DBECB2912B0DE35300421E97 /* DelegateUITests.xctest */ = {isa = PBXFileReference; explicitFileType = wrapper.cfbundle; includeInIndex = 0; path = DelegateUITests.xctest; sourceTree = BUILT_PRODUCTS_DIR; };
		DBECB2952B0DE35300421E97 /* DelegateUITests.swift */ = {isa = PBXFileReference; lastKnownFileType = sourcecode.swift; path = DelegateUITests.swift; sourceTree = "<group>"; };
		DBECB2972B0DE35300421E97 /* DelegateUITestsLaunchTests.swift */ = {isa = PBXFileReference; lastKnownFileType = sourcecode.swift; path = DelegateUITestsLaunchTests.swift; sourceTree = "<group>"; };
		DBECB2A42B0DE5F600421E97 /* ModalViewController.swift */ = {isa = PBXFileReference; lastKnownFileType = sourcecode.swift; path = ModalViewController.swift; sourceTree = "<group>"; };
/* End PBXFileReference section */

/* Begin PBXFrameworksBuildPhase section */
		DBECB26E2B0DE35100421E97 /* Frameworks */ = {
			isa = PBXFrameworksBuildPhase;
			buildActionMask = 2147483647;
			files = (
			);
			runOnlyForDeploymentPostprocessing = 0;
		};
		DBECB2842B0DE35300421E97 /* Frameworks */ = {
			isa = PBXFrameworksBuildPhase;
			buildActionMask = 2147483647;
			files = (
			);
			runOnlyForDeploymentPostprocessing = 0;
		};
		DBECB28E2B0DE35300421E97 /* Frameworks */ = {
			isa = PBXFrameworksBuildPhase;
			buildActionMask = 2147483647;
			files = (
			);
			runOnlyForDeploymentPostprocessing = 0;
		};
/* End PBXFrameworksBuildPhase section */

/* Begin PBXGroup section */
		DBECB2682B0DE35100421E97 = {
			isa = PBXGroup;
			children = (
				DBECB2732B0DE35100421E97 /* Delegate */,
				DBECB28A2B0DE35300421E97 /* DelegateTests */,
				DBECB2942B0DE35300421E97 /* DelegateUITests */,
				DBECB2722B0DE35100421E97 /* Products */,
			);
			sourceTree = "<group>";
		};
		DBECB2722B0DE35100421E97 /* Products */ = {
			isa = PBXGroup;
			children = (
				DBECB2712B0DE35100421E97 /* Delegate.app */,
				DBECB2872B0DE35300421E97 /* DelegateTests.xctest */,
				DBECB2912B0DE35300421E97 /* DelegateUITests.xctest */,
			);
			name = Products;
			sourceTree = "<group>";
		};
		DBECB2732B0DE35100421E97 /* Delegate */ = {
			isa = PBXGroup;
			children = (
				DBECB2742B0DE35100421E97 /* AppDelegate.swift */,
				DBECB2762B0DE35100421E97 /* SceneDelegate.swift */,
				DBECB2782B0DE35100421E97 /* ViewController.swift */,
				DBECB2A42B0DE5F600421E97 /* ModalViewController.swift */,
				DBECB27A2B0DE35100421E97 /* Main.storyboard */,
				DBECB27D2B0DE35200421E97 /* Assets.xcassets */,
				DBECB27F2B0DE35200421E97 /* LaunchScreen.storyboard */,
				DBECB2822B0DE35200421E97 /* Info.plist */,
			);
			path = Delegate;
			sourceTree = "<group>";
		};
		DBECB28A2B0DE35300421E97 /* DelegateTests */ = {
			isa = PBXGroup;
			children = (
				DBECB28B2B0DE35300421E97 /* DelegateTests.swift */,
			);
			path = DelegateTests;
			sourceTree = "<group>";
		};
		DBECB2942B0DE35300421E97 /* DelegateUITests */ = {
			isa = PBXGroup;
			children = (
				DBECB2952B0DE35300421E97 /* DelegateUITests.swift */,
				DBECB2972B0DE35300421E97 /* DelegateUITestsLaunchTests.swift */,
			);
			path = DelegateUITests;
			sourceTree = "<group>";
		};
/* End PBXGroup section */

/* Begin PBXNativeTarget section */
		DBECB2702B0DE35100421E97 /* Delegate */ = {
			isa = PBXNativeTarget;
			buildConfigurationList = DBECB29B2B0DE35300421E97 /* Build configuration list for PBXNativeTarget "Delegate" */;
			buildPhases = (
				DBECB26D2B0DE35100421E97 /* Sources */,
				DBECB26E2B0DE35100421E97 /* Frameworks */,
				DBECB26F2B0DE35100421E97 /* Resources */,
			);
			buildRules = (
			);
			dependencies = (
			);
			name = Delegate;
			productName = Delegate;
			productReference = DBECB2712B0DE35100421E97 /* Delegate.app */;
			productType = "com.apple.product-type.application";
		};
		DBECB2862B0DE35300421E97 /* DelegateTests */ = {
			isa = PBXNativeTarget;
			buildConfigurationList = DBECB29E2B0DE35300421E97 /* Build configuration list for PBXNativeTarget "DelegateTests" */;
			buildPhases = (
				DBECB2832B0DE35300421E97 /* Sources */,
				DBECB2842B0DE35300421E97 /* Frameworks */,
				DBECB2852B0DE35300421E97 /* Resources */,
			);
			buildRules = (
			);
			dependencies = (
				DBECB2892B0DE35300421E97 /* PBXTargetDependency */,
			);
			name = DelegateTests;
			productName = DelegateTests;
			productReference = DBECB2872B0DE35300421E97 /* DelegateTests.xctest */;
			productType = "com.apple.product-type.bundle.unit-test";
		};
		DBECB2902B0DE35300421E97 /* DelegateUITests */ = {
			isa = PBXNativeTarget;
			buildConfigurationList = DBECB2A12B0DE35300421E97 /* Build configuration list for PBXNativeTarget "DelegateUITests" */;
			buildPhases = (
				DBECB28D2B0DE35300421E97 /* Sources */,
				DBECB28E2B0DE35300421E97 /* Frameworks */,
				DBECB28F2B0DE35300421E97 /* Resources */,
			);
			buildRules = (
			);
			dependencies = (
				DBECB2932B0DE35300421E97 /* PBXTargetDependency */,
			);
			name = DelegateUITests;
			productName = DelegateUITests;
			productReference = DBECB2912B0DE35300421E97 /* DelegateUITests.xctest */;
			productType = "com.apple.product-type.bundle.ui-testing";
		};
/* End PBXNativeTarget section */

/* Begin PBXProject section */
		DBECB2692B0DE35100421E97 /* Project object */ = {
			isa = PBXProject;
			attributes = {
				BuildIndependentTargetsInParallel = 1;
				LastSwiftUpdateCheck = 1500;
				LastUpgradeCheck = 1500;
				TargetAttributes = {
					DBECB2702B0DE35100421E97 = {
						CreatedOnToolsVersion = 15.0.1;
					};
					DBECB2862B0DE35300421E97 = {
						CreatedOnToolsVersion = 15.0.1;
						TestTargetID = DBECB2702B0DE35100421E97;
					};
					DBECB2902B0DE35300421E97 = {
						CreatedOnToolsVersion = 15.0.1;
						TestTargetID = DBECB2702B0DE35100421E97;
					};
				};
			};
			buildConfigurationList = DBECB26C2B0DE35100421E97 /* Build configuration list for PBXProject "Delegate" */;
			compatibilityVersion = "Xcode 14.0";
			developmentRegion = en;
			hasScannedForEncodings = 0;
			knownRegions = (
				en,
				Base,
			);
			mainGroup = DBECB2682B0DE35100421E97;
			productRefGroup = DBECB2722B0DE35100421E97 /* Products */;
			projectDirPath = "";
			projectRoot = "";
			targets = (
				DBECB2702B0DE35100421E97 /* Delegate */,
				DBECB2862B0DE35300421E97 /* DelegateTests */,
				DBECB2902B0DE35300421E97 /* DelegateUITests */,
			);
		};
/* End PBXProject section */

/* Begin PBXResourcesBuildPhase section */
		DBECB26F2B0DE35100421E97 /* Resources */ = {
			isa = PBXResourcesBuildPhase;
			buildActionMask = 2147483647;
			files = (
				DBECB2812B0DE35200421E97 /* LaunchScreen.storyboard in Resources */,
				DBECB27E2B0DE35200421E97 /* Assets.xcassets in Resources */,
				DBECB27C2B0DE35100421E97 /* Main.storyboard in Resources */,
			);
			runOnlyForDeploymentPostprocessing = 0;
		};
		DBECB2852B0DE35300421E97 /* Resources */ = {
			isa = PBXResourcesBuildPhase;
			buildActionMask = 2147483647;
			files = (
			);
			runOnlyForDeploymentPostprocessing = 0;
		};
		DBECB28F2B0DE35300421E97 /* Resources */ = {
			isa = PBXResourcesBuildPhase;
			buildActionMask = 2147483647;
			files = (
			);
			runOnlyForDeploymentPostprocessing = 0;
		};
/* End PBXResourcesBuildPhase section */

/* Begin PBXSourcesBuildPhase section */
		DBECB26D2B0DE35100421E97 /* Sources */ = {
			isa = PBXSourcesBuildPhase;
			buildActionMask = 2147483647;
			files = (
				DBECB2A52B0DE5F600421E97 /* ModalViewController.swift in Sources */,
				DBECB2792B0DE35100421E97 /* ViewController.swift in Sources */,
				DBECB2752B0DE35100421E97 /* AppDelegate.swift in Sources */,
				DBECB2772B0DE35100421E97 /* SceneDelegate.swift in Sources */,
			);
			runOnlyForDeploymentPostprocessing = 0;
		};
		DBECB2832B0DE35300421E97 /* Sources */ = {
			isa = PBXSourcesBuildPhase;
			buildActionMask = 2147483647;
			files = (
				DBECB28C2B0DE35300421E97 /* DelegateTests.swift in Sources */,
			);
			runOnlyForDeploymentPostprocessing = 0;
		};
		DBECB28D2B0DE35300421E97 /* Sources */ = {
			isa = PBXSourcesBuildPhase;
			buildActionMask = 2147483647;
			files = (
				DBECB2982B0DE35300421E97 /* DelegateUITestsLaunchTests.swift in Sources */,
				DBECB2962B0DE35300421E97 /* DelegateUITests.swift in Sources */,
			);
			runOnlyForDeploymentPostprocessing = 0;
		};
/* End PBXSourcesBuildPhase section */

/* Begin PBXTargetDependency section */
		DBECB2892B0DE35300421E97 /* PBXTargetDependency */ = {
			isa = PBXTargetDependency;
			target = DBECB2702B0DE35100421E97 /* Delegate */;
			targetProxy = DBECB2882B0DE35300421E97 /* PBXContainerItemProxy */;
		};
		DBECB2932B0DE35300421E97 /* PBXTargetDependency */ = {
			isa = PBXTargetDependency;
			target = DBECB2702B0DE35100421E97 /* Delegate */;
			targetProxy = DBECB2922B0DE35300421E97 /* PBXContainerItemProxy */;
		};
/* End PBXTargetDependency section */

/* Begin PBXVariantGroup section */
		DBECB27A2B0DE35100421E97 /* Main.storyboard */ = {
			isa = PBXVariantGroup;
			children = (
				DBECB27B2B0DE35100421E97 /* Base */,
			);
			name = Main.storyboard;
			sourceTree = "<group>";
		};
		DBECB27F2B0DE35200421E97 /* LaunchScreen.storyboard */ = {
			isa = PBXVariantGroup;
			children = (
				DBECB2802B0DE35200421E97 /* Base */,
			);
			name = LaunchScreen.storyboard;
			sourceTree = "<group>";
		};
/* End PBXVariantGroup section */

/* Begin XCBuildConfiguration section */
		DBECB2992B0DE35300421E97 /* Debug */ = {
			isa = XCBuildConfiguration;
			buildSettings = {
				ALWAYS_SEARCH_USER_PATHS = NO;
				ASSETCATALOG_COMPILER_GENERATE_SWIFT_ASSET_SYMBOL_EXTENSIONS = YES;
				CLANG_ANALYZER_NONNULL = YES;
				CLANG_ANALYZER_NUMBER_OBJECT_CONVERSION = YES_AGGRESSIVE;
				CLANG_CXX_LANGUAGE_STANDARD = "gnu++20";
				CLANG_ENABLE_MODULES = YES;
				CLANG_ENABLE_OBJC_ARC = YES;
				CLANG_ENABLE_OBJC_WEAK = YES;
				CLANG_WARN_BLOCK_CAPTURE_AUTORELEASING = YES;
				CLANG_WARN_BOOL_CONVERSION = YES;
				CLANG_WARN_COMMA = YES;
				CLANG_WARN_CONSTANT_CONVERSION = YES;
				CLANG_WARN_DEPRECATED_OBJC_IMPLEMENTATIONS = YES;
				CLANG_WARN_DIRECT_OBJC_ISA_USAGE = YES_ERROR;
				CLANG_WARN_DOCUMENTATION_COMMENTS = YES;
				CLANG_WARN_EMPTY_BODY = YES;
				CLANG_WARN_ENUM_CONVERSION = YES;
				CLANG_WARN_INFINITE_RECURSION = YES;
				CLANG_WARN_INT_CONVERSION = YES;
				CLANG_WARN_NON_LITERAL_NULL_CONVERSION = YES;
				CLANG_WARN_OBJC_IMPLICIT_RETAIN_SELF = YES;
				CLANG_WARN_OBJC_LITERAL_CONVERSION = YES;
				CLANG_WARN_OBJC_ROOT_CLASS = YES_ERROR;
				CLANG_WARN_QUOTED_INCLUDE_IN_FRAMEWORK_HEADER = YES;
				CLANG_WARN_RANGE_LOOP_ANALYSIS = YES;
				CLANG_WARN_STRICT_PROTOTYPES = YES;
				CLANG_WARN_SUSPICIOUS_MOVE = YES;
				CLANG_WARN_UNGUARDED_AVAILABILITY = YES_AGGRESSIVE;
				CLANG_WARN_UNREACHABLE_CODE = YES;
				CLANG_WARN__DUPLICATE_METHOD_MATCH = YES;
				COPY_PHASE_STRIP = NO;
				DEBUG_INFORMATION_FORMAT = dwarf;
				ENABLE_STRICT_OBJC_MSGSEND = YES;
				ENABLE_TESTABILITY = YES;
				ENABLE_USER_SCRIPT_SANDBOXING = YES;
				GCC_C_LANGUAGE_STANDARD = gnu17;
				GCC_DYNAMIC_NO_PIC = NO;
				GCC_NO_COMMON_BLOCKS = YES;
				GCC_OPTIMIZATION_LEVEL = 0;
				GCC_PREPROCESSOR_DEFINITIONS = (
					"DEBUG=1",
					"$(inherited)",
				);
				GCC_WARN_64_TO_32_BIT_CONVERSION = YES;
				GCC_WARN_ABOUT_RETURN_TYPE = YES_ERROR;
				GCC_WARN_UNDECLARED_SELECTOR = YES;
				GCC_WARN_UNINITIALIZED_AUTOS = YES_AGGRESSIVE;
				GCC_WARN_UNUSED_FUNCTION = YES;
				GCC_WARN_UNUSED_VARIABLE = YES;
				IPHONEOS_DEPLOYMENT_TARGET = 17.0;
				LOCALIZATION_PREFERS_STRING_CATALOGS = YES;
				MTL_ENABLE_DEBUG_INFO = INCLUDE_SOURCE;
				MTL_FAST_MATH = YES;
				ONLY_ACTIVE_ARCH = YES;
				SDKROOT = iphoneos;
				SWIFT_ACTIVE_COMPILATION_CONDITIONS = "DEBUG $(inherited)";
				SWIFT_OPTIMIZATION_LEVEL = "-Onone";
			};
			name = Debug;
		};
		DBECB29A2B0DE35300421E97 /* Release */ = {
			isa = XCBuildConfiguration;
			buildSettings = {
				ALWAYS_SEARCH_USER_PATHS = NO;
				ASSETCATALOG_COMPILER_GENERATE_SWIFT_ASSET_SYMBOL_EXTENSIONS = YES;
				CLANG_ANALYZER_NONNULL = YES;
				CLANG_ANALYZER_NUMBER_OBJECT_CONVERSION = YES_AGGRESSIVE;
				CLANG_CXX_LANGUAGE_STANDARD = "gnu++20";
				CLANG_ENABLE_MODULES = YES;
				CLANG_ENABLE_OBJC_ARC = YES;
				CLANG_ENABLE_OBJC_WEAK = YES;
				CLANG_WARN_BLOCK_CAPTURE_AUTORELEASING = YES;
				CLANG_WARN_BOOL_CONVERSION = YES;
				CLANG_WARN_COMMA = YES;
				CLANG_WARN_CONSTANT_CONVERSION = YES;
				CLANG_WARN_DEPRECATED_OBJC_IMPLEMENTATIONS = YES;
				CLANG_WARN_DIRECT_OBJC_ISA_USAGE = YES_ERROR;
				CLANG_WARN_DOCUMENTATION_COMMENTS = YES;
				CLANG_WARN_EMPTY_BODY = YES;
				CLANG_WARN_ENUM_CONVERSION = YES;
				CLANG_WARN_INFINITE_RECURSION = YES;
				CLANG_WARN_INT_CONVERSION = YES;
				CLANG_WARN_NON_LITERAL_NULL_CONVERSION = YES;
				CLANG_WARN_OBJC_IMPLICIT_RETAIN_SELF = YES;
				CLANG_WARN_OBJC_LITERAL_CONVERSION = YES;
				CLANG_WARN_OBJC_ROOT_CLASS = YES_ERROR;
				CLANG_WARN_QUOTED_INCLUDE_IN_FRAMEWORK_HEADER = YES;
				CLANG_WARN_RANGE_LOOP_ANALYSIS = YES;
				CLANG_WARN_STRICT_PROTOTYPES = YES;
				CLANG_WARN_SUSPICIOUS_MOVE = YES;
				CLANG_WARN_UNGUARDED_AVAILABILITY = YES_AGGRESSIVE;
				CLANG_WARN_UNREACHABLE_CODE = YES;
				CLANG_WARN__DUPLICATE_METHOD_MATCH = YES;
				COPY_PHASE_STRIP = NO;
				DEBUG_INFORMATION_FORMAT = "dwarf-with-dsym";
				ENABLE_NS_ASSERTIONS = NO;
				ENABLE_STRICT_OBJC_MSGSEND = YES;
				ENABLE_USER_SCRIPT_SANDBOXING = YES;
				GCC_C_LANGUAGE_STANDARD = gnu17;
				GCC_NO_COMMON_BLOCKS = YES;
				GCC_WARN_64_TO_32_BIT_CONVERSION = YES;
				GCC_WARN_ABOUT_RETURN_TYPE = YES_ERROR;
				GCC_WARN_UNDECLARED_SELECTOR = YES;
				GCC_WARN_UNINITIALIZED_AUTOS = YES_AGGRESSIVE;
				GCC_WARN_UNUSED_FUNCTION = YES;
				GCC_WARN_UNUSED_VARIABLE = YES;
				IPHONEOS_DEPLOYMENT_TARGET = 17.0;
				LOCALIZATION_PREFERS_STRING_CATALOGS = YES;
				MTL_ENABLE_DEBUG_INFO = NO;
				MTL_FAST_MATH = YES;
				SDKROOT = iphoneos;
				SWIFT_COMPILATION_MODE = wholemodule;
				VALIDATE_PRODUCT = YES;
			};
			name = Release;
		};
		DBECB29C2B0DE35300421E97 /* Debug */ = {
			isa = XCBuildConfiguration;
			buildSettings = {
				ASSETCATALOG_COMPILER_APPICON_NAME = AppIcon;
				ASSETCATALOG_COMPILER_GLOBAL_ACCENT_COLOR_NAME = AccentColor;
				CODE_SIGN_STYLE = Automatic;
				CURRENT_PROJECT_VERSION = 1;
				GENERATE_INFOPLIST_FILE = YES;
				INFOPLIST_FILE = Delegate/Info.plist;
				INFOPLIST_KEY_UIApplicationSupportsIndirectInputEvents = YES;
				INFOPLIST_KEY_UILaunchStoryboardName = LaunchScreen;
				INFOPLIST_KEY_UIMainStoryboardFile = Main;
				INFOPLIST_KEY_UISupportedInterfaceOrientations_iPad = "UIInterfaceOrientationPortrait UIInterfaceOrientationPortraitUpsideDown UIInterfaceOrientationLandscapeLeft UIInterfaceOrientationLandscapeRight";
				INFOPLIST_KEY_UISupportedInterfaceOrientations_iPhone = "UIInterfaceOrientationPortrait UIInterfaceOrientationLandscapeLeft UIInterfaceOrientationLandscapeRight";
				LD_RUNPATH_SEARCH_PATHS = (
					"$(inherited)",
					"@executable_path/Frameworks",
				);
				MARKETING_VERSION = 1.0;
				PRODUCT_BUNDLE_IDENTIFIER = Aset.Delegate;
				PRODUCT_NAME = "$(TARGET_NAME)";
				SWIFT_EMIT_LOC_STRINGS = YES;
				SWIFT_VERSION = 5.0;
				TARGETED_DEVICE_FAMILY = "1,2";
			};
			name = Debug;
		};
		DBECB29D2B0DE35300421E97 /* Release */ = {
			isa = XCBuildConfiguration;
			buildSettings = {
				ASSETCATALOG_COMPILER_APPICON_NAME = AppIcon;
				ASSETCATALOG_COMPILER_GLOBAL_ACCENT_COLOR_NAME = AccentColor;
				CODE_SIGN_STYLE = Automatic;
				CURRENT_PROJECT_VERSION = 1;
				GENERATE_INFOPLIST_FILE = YES;
				INFOPLIST_FILE = Delegate/Info.plist;
				INFOPLIST_KEY_UIApplicationSupportsIndirectInputEvents = YES;
				INFOPLIST_KEY_UILaunchStoryboardName = LaunchScreen;
				INFOPLIST_KEY_UIMainStoryboardFile = Main;
				INFOPLIST_KEY_UISupportedInterfaceOrientations_iPad = "UIInterfaceOrientationPortrait UIInterfaceOrientationPortraitUpsideDown UIInterfaceOrientationLandscapeLeft UIInterfaceOrientationLandscapeRight";
				INFOPLIST_KEY_UISupportedInterfaceOrientations_iPhone = "UIInterfaceOrientationPortrait UIInterfaceOrientationLandscapeLeft UIInterfaceOrientationLandscapeRight";
				LD_RUNPATH_SEARCH_PATHS = (
					"$(inherited)",
					"@executable_path/Frameworks",
				);
				MARKETING_VERSION = 1.0;
				PRODUCT_BUNDLE_IDENTIFIER = Aset.Delegate;
				PRODUCT_NAME = "$(TARGET_NAME)";
				SWIFT_EMIT_LOC_STRINGS = YES;
				SWIFT_VERSION = 5.0;
				TARGETED_DEVICE_FAMILY = "1,2";
			};
			name = Release;
		};
		DBECB29F2B0DE35300421E97 /* Debug */ = {
			isa = XCBuildConfiguration;
			buildSettings = {
				ALWAYS_EMBED_SWIFT_STANDARD_LIBRARIES = YES;
				BUNDLE_LOADER = "$(TEST_HOST)";
				CODE_SIGN_STYLE = Automatic;
				CURRENT_PROJECT_VERSION = 1;
				GENERATE_INFOPLIST_FILE = YES;
				IPHONEOS_DEPLOYMENT_TARGET = 17.0;
				MARKETING_VERSION = 1.0;
				PRODUCT_BUNDLE_IDENTIFIER = Aset.DelegateTests;
				PRODUCT_NAME = "$(TARGET_NAME)";
				SWIFT_EMIT_LOC_STRINGS = NO;
				SWIFT_VERSION = 5.0;
				TARGETED_DEVICE_FAMILY = "1,2";
				TEST_HOST = "$(BUILT_PRODUCTS_DIR)/Delegate.app/$(BUNDLE_EXECUTABLE_FOLDER_PATH)/Delegate";
			};
			name = Debug;
		};
		DBECB2A02B0DE35300421E97 /* Release */ = {
			isa = XCBuildConfiguration;
			buildSettings = {
				ALWAYS_EMBED_SWIFT_STANDARD_LIBRARIES = YES;
				BUNDLE_LOADER = "$(TEST_HOST)";
				CODE_SIGN_STYLE = Automatic;
				CURRENT_PROJECT_VERSION = 1;
				GENERATE_INFOPLIST_FILE = YES;
				IPHONEOS_DEPLOYMENT_TARGET = 17.0;
				MARKETING_VERSION = 1.0;
				PRODUCT_BUNDLE_IDENTIFIER = Aset.DelegateTests;
				PRODUCT_NAME = "$(TARGET_NAME)";
				SWIFT_EMIT_LOC_STRINGS = NO;
				SWIFT_VERSION = 5.0;
				TARGETED_DEVICE_FAMILY = "1,2";
				TEST_HOST = "$(BUILT_PRODUCTS_DIR)/Delegate.app/$(BUNDLE_EXECUTABLE_FOLDER_PATH)/Delegate";
			};
			name = Release;
		};
		DBECB2A22B0DE35300421E97 /* Debug */ = {
			isa = XCBuildConfiguration;
			buildSettings = {
				ALWAYS_EMBED_SWIFT_STANDARD_LIBRARIES = YES;
				CODE_SIGN_STYLE = Automatic;
				CURRENT_PROJECT_VERSION = 1;
				GENERATE_INFOPLIST_FILE = YES;
				MARKETING_VERSION = 1.0;
				PRODUCT_BUNDLE_IDENTIFIER = Aset.DelegateUITests;
				PRODUCT_NAME = "$(TARGET_NAME)";
				SWIFT_EMIT_LOC_STRINGS = NO;
				SWIFT_VERSION = 5.0;
				TARGETED_DEVICE_FAMILY = "1,2";
				TEST_TARGET_NAME = Delegate;
			};
			name = Debug;
		};
		DBECB2A32B0DE35300421E97 /* Release */ = {
			isa = XCBuildConfiguration;
			buildSettings = {
				ALWAYS_EMBED_SWIFT_STANDARD_LIBRARIES = YES;
				CODE_SIGN_STYLE = Automatic;
				CURRENT_PROJECT_VERSION = 1;
				GENERATE_INFOPLIST_FILE = YES;
				MARKETING_VERSION = 1.0;
				PRODUCT_BUNDLE_IDENTIFIER = Aset.DelegateUITests;
				PRODUCT_NAME = "$(TARGET_NAME)";
				SWIFT_EMIT_LOC_STRINGS = NO;
				SWIFT_VERSION = 5.0;
				TARGETED_DEVICE_FAMILY = "1,2";
				TEST_TARGET_NAME = Delegate;
			};
			name = Release;
		};
/* End XCBuildConfiguration section */

/* Begin XCConfigurationList section */
		DBECB26C2B0DE35100421E97 /* Build configuration list for PBXProject "Delegate" */ = {
			isa = XCConfigurationList;
			buildConfigurations = (
				DBECB2992B0DE35300421E97 /* Debug */,
				DBECB29A2B0DE35300421E97 /* Release */,
			);
			defaultConfigurationIsVisible = 0;
			defaultConfigurationName = Release;
		};
		DBECB29B2B0DE35300421E97 /* Build configuration list for PBXNativeTarget "Delegate" */ = {
			isa = XCConfigurationList;
			buildConfigurations = (
				DBECB29C2B0DE35300421E97 /* Debug */,
				DBECB29D2B0DE35300421E97 /* Release */,
			);
			defaultConfigurationIsVisible = 0;
			defaultConfigurationName = Release;
		};
		DBECB29E2B0DE35300421E97 /* Build configuration list for PBXNativeTarget "DelegateTests" */ = {
			isa = XCConfigurationList;
			buildConfigurations = (
				DBECB29F2B0DE35300421E97 /* Debug */,
				DBECB2A02B0DE35300421E97 /* Release */,
			);
			defaultConfigurationIsVisible = 0;
			defaultConfigurationName = Release;
		};
		DBECB2A12B0DE35300421E97 /* Build configuration list for PBXNativeTarget "DelegateUITests" */ = {
			isa = XCConfigurationList;
			buildConfigurations = (
				DBECB2A22B0DE35300421E97 /* Debug */,
				DBECB2A32B0DE35300421E97 /* Release */,
			);
			defaultConfigurationIsVisible = 0;
			defaultConfigurationName = Release;
		};
/* End XCConfigurationList section */
	};
	rootObject = DBECB2692B0DE35100421E97 /* Project object */;
}
